PODS:
  - Flutter (1.0.0)
  - integration_test (0.0.1):
    - Flutter
  - move_to_desktop (0.0.1):
    - Flutter

DEPENDENCIES:
  - Flutter (from `Flutter`)
  - integration_test (from `.symlinks/plugins/integration_test/ios`)
  - move_to_desktop (from `.symlinks/plugins/move_to_desktop/ios`)

EXTERNAL SOURCES:
  Flutter:
    :path: Flutter
  integration_test:
    :path: ".symlinks/plugins/integration_test/ios"
  move_to_desktop:
    :path: ".symlinks/plugins/move_to_desktop/ios"

SPEC CHECKSUMS:
  Flutter: f04841e97a9d0b0a8025694d0796dd46242b2854
  integration_test: 13825b8a9334a850581300559b8839134b124670
  move_to_desktop: b9b9d0814440a453d1cc6649e4ba7735c14016e7

PODFILE CHECKSUM: 02caaa843f6501172c0d470d80e72f61175c8b93

COCOAPODS: 1.13.0
